
Microsoft Visual Studio Solution File, Format Version 12.00
# Visual Studio Version 17
VisualStudioVersion = 17.9.34728.123
MinimumVisualStudioVersion = 10.0.40219.1
Project("{FAE04EC0-301F-11D3-BF4B-00C04F79EFBC}") = "miniQuizlet", "miniQuizlet\miniQuizlet.csproj", "{9CF226BB-CC79-4F33-A284-42B48DE3C66B}"
EndProject
Global
	GlobalSection(SolutionConfigurationPlatforms) = preSolution
		Debug|Any CPU = Debug|Any CPU
		Release|Any CPU = Release|Any CPU
	EndGlobalSection
	GlobalSection(ProjectConfigurationPlatforms) = postSolution
		{9CF226BB-CC79-4F33-A284-42B48DE3C66B}.Debug|Any CPU.ActiveCfg = Debug|Any CPU
		{9CF226BB-CC79-4F33-A284-42B48DE3C66B}.Debug|Any CPU.Build.0 = Debug|Any CPU
		{9CF226BB-CC79-4F33-A284-42B48DE3C66B}.Release|Any CPU.ActiveCfg = Release|Any CPU
		{9CF226BB-CC79-4F33-A284-42B48DE3C66B}.Release|Any CPU.Build.0 = Release|Any CPU
	EndGlobalSection
	GlobalSection(SolutionProperties) = preSolution
		HideSolutionNode = FALSE
	EndGlobalSection
	GlobalSection(ExtensibilityGlobals) = postSolution
		SolutionGuid = {4C3EB00C-962E-4BFA-AA4C-44E227772274}
	EndGlobalSection
EndGlobal
